{
    "_meta": {
        "hash": {
            "sha256": "c6be6d94fbb2e329d0928f54470dd3f7bf48fcc5c14b9fd3610cb42f10d70f9d"
        },
        "host-environment-markers": {
            "implementation_name": "cpython",
            "implementation_version": "3.6.5",
            "os_name": "posix",
            "platform_machine": "x86_64",
            "platform_python_implementation": "CPython",
            "platform_release": "17.5.0",
            "platform_system": "Darwin",
            "platform_version": "Darwin Kernel Version 17.5.0: Fri Apr 13 19:32:32 PDT 2018; root:xnu-4570.51.2~1/RELEASE_X86_64",
            "python_full_version": "3.6.5",
            "python_version": "3.6",
            "sys_platform": "darwin"
        },
        "pipfile-spec": 6,
        "requires": {
            "python_version": "3.6"
        },
        "sources": [
            {
                "name": "pypi",
                "url": "https://pypi.python.org/simple",
                "verify_ssl": true
            }
        ]
    },
    "default": {
        "future": {
            "hashes": [
                "sha256:e39ced1ab767b5936646cedba8bcce582398233d6a627067d4c6a454c90cfedb"
            ],
            "version": "==0.16.0"
        },
        "pefile": {
            "hashes": [
                "sha256:675c35ee0e1677db9e80d2f48d8a7ff2cf38e6207e8cd5e2a2c6d126db025854"
            ],
            "version": "==2017.11.5"
        }
    },
    "develop": {}
}
